PODS:
  - Flutter (1.0.0)
  - integration_test (0.0.1):
    - Flutter
  - libvncviewer_flutter (0.0.1):
    - Flutter

DEPENDENCIES:
  - Flutter (from `Flutter`)
  - integration_test (from `.symlinks/plugins/integration_test/ios`)
  - libvncviewer_flutter (from `.symlinks/plugins/libvncviewer_flutter/ios`)

EXTERNAL SOURCES:
  Flutter:
    :path: Flutter
  integration_test:
    :path: ".symlinks/plugins/integration_test/ios"
  libvncviewer_flutter:
    :path: ".symlinks/plugins/libvncviewer_flutter/ios"

SPEC CHECKSUMS:
  Flutter: e0871f40cf51350855a761d2e70bf5af5b9b5de7
  integration_test: 13825b8a9334a850581300559b8839134b124670
  libvncviewer_flutter: be5f28019657c8f8a4d21a54ed41230e36faa979

PODFILE CHECKSUM: 6e700dec67e6deac9b1c69bb14c49a2217a12d15

COCOAPODS: 1.11.3
